// !$*UTF8*$!
{
	archiveVersion = 1;
	classes = {
	};
	objectVersion = 55;
	objects = {

/* Begin PBXBuildFile section */
		3BC646B9270B692E00075F3C /* AppDelegate.swift in Sources */ = {isa = PBXBuildFile; fileRef = 3BC646B8270B692E00075F3C /* AppDelegate.swift */; };
		3BC646BB270B692E00075F3C /* SceneDelegate.swift in Sources */ = {isa = PBXBuildFile; fileRef = 3BC646BA270B692E00075F3C /* SceneDelegate.swift */; };
		3BC646BD270B692E00075F3C /* MainViewController.swift in Sources */ = {isa = PBXBuildFile; fileRef = 3BC646BC270B692E00075F3C /* MainViewController.swift */; };
		3BC646C0270B692F00075F3C /* Main.storyboard in Resources */ = {isa = PBXBuildFile; fileRef = 3BC646BE270B692F00075F3C /* Main.storyboard */; };
		3BC646C2270B693200075F3C /* Assets.xcassets in Resources */ = {isa = PBXBuildFile; fileRef = 3BC646C1270B693200075F3C /* Assets.xcassets */; };
		3BC646C5270B693200075F3C /* LaunchScreen.storyboard in Resources */ = {isa = PBXBuildFile; fileRef = 3BC646C3270B693200075F3C /* LaunchScreen.storyboard */; };
		3BC646D0270B693200075F3C /* Task_10Tests.swift in Sources */ = {isa = PBXBuildFile; fileRef = 3BC646CF270B693200075F3C /* Task_10Tests.swift */; };
		3BC646DA270B693200075F3C /* Task_10UITests.swift in Sources */ = {isa = PBXBuildFile; fileRef = 3BC646D9270B693200075F3C /* Task_10UITests.swift */; };
		3BC646DC270B693200075F3C /* Task_10UITestsLaunchTests.swift in Sources */ = {isa = PBXBuildFile; fileRef = 3BC646DB270B693200075F3C /* Task_10UITestsLaunchTests.swift */; };
		3BC646F2270B8C2C00075F3C /* PLanguagesTableViewCell.swift in Sources */ = {isa = PBXBuildFile; fileRef = 3BC646F1270B8C2C00075F3C /* PLanguagesTableViewCell.swift */; };
		3BC646F4270B8C7700075F3C /* LanguageModel.swift in Sources */ = {isa = PBXBuildFile; fileRef = 3BC646F3270B8C7700075F3C /* LanguageModel.swift */; };
		3BC646F6270BB2E100075F3C /* PhotoFullScreenViewController.swift in Sources */ = {isa = PBXBuildFile; fileRef = 3BC646F5270BB2E100075F3C /* PhotoFullScreenViewController.swift */; };
		3BC646F8270BB30C00075F3C /* PhotoFullScreenViewController.storyboard in Resources */ = {isa = PBXBuildFile; fileRef = 3BC646F7270BB30C00075F3C /* PhotoFullScreenViewController.storyboard */; };
/* End PBXBuildFile section */

/* Begin PBXContainerItemProxy section */
		3BC646CC270B693200075F3C /* PBXContainerItemProxy */ = {
			isa = PBXContainerItemProxy;
			containerPortal = 3BC646AD270B692E00075F3C /* Project object */;
			proxyType = 1;
			remoteGlobalIDString = 3BC646B4270B692E00075F3C;
			remoteInfo = Task_10;
		};
		3BC646D6270B693200075F3C /* PBXContainerItemProxy */ = {
			isa = PBXContainerItemProxy;
			containerPortal = 3BC646AD270B692E00075F3C /* Project object */;
			proxyType = 1;
			remoteGlobalIDString = 3BC646B4270B692E00075F3C;
			remoteInfo = Task_10;
		};
/* End PBXContainerItemProxy section */

/* Begin PBXFileReference section */
		3BC646B5270B692E00075F3C /* Task_10.app */ = {isa = PBXFileReference; explicitFileType = wrapper.application; includeInIndex = 0; path = Task_10.app; sourceTree = BUILT_PRODUCTS_DIR; };
		3BC646B8270B692E00075F3C /* AppDelegate.swift */ = {isa = PBXFileReference; lastKnownFileType = sourcecode.swift; path = AppDelegate.swift; sourceTree = "<group>"; };
		3BC646BA270B692E00075F3C /* SceneDelegate.swift */ = {isa = PBXFileReference; lastKnownFileType = sourcecode.swift; path = SceneDelegate.swift; sourceTree = "<group>"; };
		3BC646BC270B692E00075F3C /* MainViewController.swift */ = {isa = PBXFileReference; lastKnownFileType = sourcecode.swift; path = MainViewController.swift; sourceTree = "<group>"; };
		3BC646BF270B692F00075F3C /* Base */ = {isa = PBXFileReference; lastKnownFileType = file.storyboard; name = Base; path = Base.lproj/Main.storyboard; sourceTree = "<group>"; };
		3BC646C1270B693200075F3C /* Assets.xcassets */ = {isa = PBXFileReference; lastKnownFileType = folder.assetcatalog; path = Assets.xcassets; sourceTree = "<group>"; };
		3BC646C4270B693200075F3C /* Base */ = {isa = PBXFileReference; lastKnownFileType = file.storyboard; name = Base; path = Base.lproj/LaunchScreen.storyboard; sourceTree = "<group>"; };
		3BC646C6270B693200075F3C /* Info.plist */ = {isa = PBXFileReference; lastKnownFileType = text.plist.xml; path = Info.plist; sourceTree = "<group>"; };
		3BC646CB270B693200075F3C /* Task_10Tests.xctest */ = {isa = PBXFileReference; explicitFileType = wrapper.cfbundle; includeInIndex = 0; path = Task_10Tests.xctest; sourceTree = BUILT_PRODUCTS_DIR; };
		3BC646CF270B693200075F3C /* Task_10Tests.swift */ = {isa = PBXFileReference; lastKnownFileType = sourcecode.swift; path = Task_10Tests.swift; sourceTree = "<group>"; };
		3BC646D5270B693200075F3C /* Task_10UITests.xctest */ = {isa = PBXFileReference; explicitFileType = wrapper.cfbundle; includeInIndex = 0; path = Task_10UITests.xctest; sourceTree = BUILT_PRODUCTS_DIR; };
		3BC646D9270B693200075F3C /* Task_10UITests.swift */ = {isa = PBXFileReference; lastKnownFileType = sourcecode.swift; path = Task_10UITests.swift; sourceTree = "<group>"; };
		3BC646DB270B693200075F3C /* Task_10UITestsLaunchTests.swift */ = {isa = PBXFileReference; lastKnownFileType = sourcecode.swift; path = Task_10UITestsLaunchTests.swift; sourceTree = "<group>"; };
		3BC646F1270B8C2C00075F3C /* PLanguagesTableViewCell.swift */ = {isa = PBXFileReference; lastKnownFileType = sourcecode.swift; path = PLanguagesTableViewCell.swift; sourceTree = "<group>"; };
		3BC646F3270B8C7700075F3C /* LanguageModel.swift */ = {isa = PBXFileReference; lastKnownFileType = sourcecode.swift; path = LanguageModel.swift; sourceTree = "<group>"; };
		3BC646F5270BB2E100075F3C /* PhotoFullScreenViewController.swift */ = {isa = PBXFileReference; lastKnownFileType = sourcecode.swift; path = PhotoFullScreenViewController.swift; sourceTree = "<group>"; };
		3BC646F7270BB30C00075F3C /* PhotoFullScreenViewController.storyboard */ = {isa = PBXFileReference; lastKnownFileType = file.storyboard; path = PhotoFullScreenViewController.storyboard; sourceTree = "<group>"; };
/* End PBXFileReference section */

/* Begin PBXFrameworksBuildPhase section */
		3BC646B2270B692E00075F3C /* Frameworks */ = {
			isa = PBXFrameworksBuildPhase;
			buildActionMask = 2147483647;
			files = (
			);
			runOnlyForDeploymentPostprocessing = 0;
		};
		3BC646C8270B693200075F3C /* Frameworks */ = {
			isa = PBXFrameworksBuildPhase;
			buildActionMask = 2147483647;
			files = (
			);
			runOnlyForDeploymentPostprocessing = 0;
		};
		3BC646D2270B693200075F3C /* Frameworks */ = {
			isa = PBXFrameworksBuildPhase;
			buildActionMask = 2147483647;
			files = (
			);
			runOnlyForDeploymentPostprocessing = 0;
		};
/* End PBXFrameworksBuildPhase section */

/* Begin PBXGroup section */
		3BC646AC270B692E00075F3C = {
			isa = PBXGroup;
			children = (
				3BC646B7270B692E00075F3C /* Task_10 */,
				3BC646CE270B693200075F3C /* Task_10Tests */,
				3BC646D8270B693200075F3C /* Task_10UITests */,
				3BC646B6270B692E00075F3C /* Products */,
			);
			sourceTree = "<group>";
		};
		3BC646B6270B692E00075F3C /* Products */ = {
			isa = PBXGroup;
			children = (
				3BC646B5270B692E00075F3C /* Task_10.app */,
				3BC646CB270B693200075F3C /* Task_10Tests.xctest */,
				3BC646D5270B693200075F3C /* Task_10UITests.xctest */,
			);
			name = Products;
			sourceTree = "<group>";
		};
		3BC646B7270B692E00075F3C /* Task_10 */ = {
			isa = PBXGroup;
			children = (
				3BC646E8270B695600075F3C /* Scenes */,
				3BC646B8270B692E00075F3C /* AppDelegate.swift */,
				3BC646BA270B692E00075F3C /* SceneDelegate.swift */,
				3BC646C1270B693200075F3C /* Assets.xcassets */,
				3BC646C3270B693200075F3C /* LaunchScreen.storyboard */,
				3BC646C6270B693200075F3C /* Info.plist */,
			);
			path = Task_10;
			sourceTree = "<group>";
		};
		3BC646CE270B693200075F3C /* Task_10Tests */ = {
			isa = PBXGroup;
			children = (
				3BC646CF270B693200075F3C /* Task_10Tests.swift */,
			);
			path = Task_10Tests;
			sourceTree = "<group>";
		};
		3BC646D8270B693200075F3C /* Task_10UITests */ = {
			isa = PBXGroup;
			children = (
				3BC646D9270B693200075F3C /* Task_10UITests.swift */,
				3BC646DB270B693200075F3C /* Task_10UITestsLaunchTests.swift */,
			);
			path = Task_10UITests;
			sourceTree = "<group>";
		};
		3BC646E8270B695600075F3C /* Scenes */ = {
			isa = PBXGroup;
			children = (
				3BC646E9270B696E00075F3C /* Main */,
				3BC646EB270B832D00075F3C /* PhotoFullScreenView */,
			);
			path = Scenes;
			sourceTree = "<group>";
		};
		3BC646E9270B696E00075F3C /* Main */ = {
			isa = PBXGroup;
			children = (
				3BC646F0270B8B7D00075F3C /* PLanguagesTable */,
				3BC646BC270B692E00075F3C /* MainViewController.swift */,
				3BC646BE270B692F00075F3C /* Main.storyboard */,
			);
			path = Main;
			sourceTree = "<group>";
		};
		3BC646EB270B832D00075F3C /* PhotoFullScreenView */ = {
			isa = PBXGroup;
			children = (
				3BC646F5270BB2E100075F3C /* PhotoFullScreenViewController.swift */,
				3BC646F7270BB30C00075F3C /* PhotoFullScreenViewController.storyboard */,
			);
			path = PhotoFullScreenView;
			sourceTree = "<group>";
		};
		3BC646F0270B8B7D00075F3C /* PLanguagesTable */ = {
			isa = PBXGroup;
			children = (
				3BC646F1270B8C2C00075F3C /* PLanguagesTableViewCell.swift */,
				3BC646F3270B8C7700075F3C /* LanguageModel.swift */,
			);
			path = PLanguagesTable;
			sourceTree = "<group>";
		};
/* End PBXGroup section */

/* Begin PBXNativeTarget section */
		3BC646B4270B692E00075F3C /* Task_10 */ = {
			isa = PBXNativeTarget;
			buildConfigurationList = 3BC646DF270B693200075F3C /* Build configuration list for PBXNativeTarget "Task_10" */;
			buildPhases = (
				3BC646B1270B692E00075F3C /* Sources */,
				3BC646B2270B692E00075F3C /* Frameworks */,
				3BC646B3270B692E00075F3C /* Resources */,
			);
			buildRules = (
			);
			dependencies = (
			);
			name = Task_10;
			productName = Task_10;
			productReference = 3BC646B5270B692E00075F3C /* Task_10.app */;
			productType = "com.apple.product-type.application";
		};
		3BC646CA270B693200075F3C /* Task_10Tests */ = {
			isa = PBXNativeTarget;
			buildConfigurationList = 3BC646E2270B693200075F3C /* Build configuration list for PBXNativeTarget "Task_10Tests" */;
			buildPhases = (
				3BC646C7270B693200075F3C /* Sources */,
				3BC646C8270B693200075F3C /* Frameworks */,
				3BC646C9270B693200075F3C /* Resources */,
			);
			buildRules = (
			);
			dependencies = (
				3BC646CD270B693200075F3C /* PBXTargetDependency */,
			);
			name = Task_10Tests;
			productName = Task_10Tests;
			productReference = 3BC646CB270B693200075F3C /* Task_10Tests.xctest */;
			productType = "com.apple.product-type.bundle.unit-test";
		};
		3BC646D4270B693200075F3C /* Task_10UITests */ = {
			isa = PBXNativeTarget;
			buildConfigurationList = 3BC646E5270B693200075F3C /* Build configuration list for PBXNativeTarget "Task_10UITests" */;
			buildPhases = (
				3BC646D1270B693200075F3C /* Sources */,
				3BC646D2270B693200075F3C /* Frameworks */,
				3BC646D3270B693200075F3C /* Resources */,
			);
			buildRules = (
			);
			dependencies = (
				3BC646D7270B693200075F3C /* PBXTargetDependency */,
			);
			name = Task_10UITests;
			productName = Task_10UITests;
			productReference = 3BC646D5270B693200075F3C /* Task_10UITests.xctest */;
			productType = "com.apple.product-type.bundle.ui-testing";
		};
/* End PBXNativeTarget section */

/* Begin PBXProject section */
		3BC646AD270B692E00075F3C /* Project object */ = {
			isa = PBXProject;
			attributes = {
				BuildIndependentTargetsInParallel = 1;
				LastSwiftUpdateCheck = 1300;
				LastUpgradeCheck = 1300;
				TargetAttributes = {
					3BC646B4270B692E00075F3C = {
						CreatedOnToolsVersion = 13.0;
					};
					3BC646CA270B693200075F3C = {
						CreatedOnToolsVersion = 13.0;
						TestTargetID = 3BC646B4270B692E00075F3C;
					};
					3BC646D4270B693200075F3C = {
						CreatedOnToolsVersion = 13.0;
						TestTargetID = 3BC646B4270B692E00075F3C;
					};
				};
			};
			buildConfigurationList = 3BC646B0270B692E00075F3C /* Build configuration list for PBXProject "Task_10" */;
			compatibilityVersion = "Xcode 13.0";
			developmentRegion = en;
			hasScannedForEncodings = 0;
			knownRegions = (
				en,
				Base,
			);
			mainGroup = 3BC646AC270B692E00075F3C;
			productRefGroup = 3BC646B6270B692E00075F3C /* Products */;
			projectDirPath = "";
			projectRoot = "";
			targets = (
				3BC646B4270B692E00075F3C /* Task_10 */,
				3BC646CA270B693200075F3C /* Task_10Tests */,
				3BC646D4270B693200075F3C /* Task_10UITests */,
			);
		};
/* End PBXProject section */

/* Begin PBXResourcesBuildPhase section */
		3BC646B3270B692E00075F3C /* Resources */ = {
			isa = PBXResourcesBuildPhase;
			buildActionMask = 2147483647;
			files = (
				3BC646C5270B693200075F3C /* LaunchScreen.storyboard in Resources */,
				3BC646C2270B693200075F3C /* Assets.xcassets in Resources */,
				3BC646C0270B692F00075F3C /* Main.storyboard in Resources */,
				3BC646F8270BB30C00075F3C /* PhotoFullScreenViewController.storyboard in Resources */,
			);
			runOnlyForDeploymentPostprocessing = 0;
		};
		3BC646C9270B693200075F3C /* Resources */ = {
			isa = PBXResourcesBuildPhase;
			buildActionMask = 2147483647;
			files = (
			);
			runOnlyForDeploymentPostprocessing = 0;
		};
		3BC646D3270B693200075F3C /* Resources */ = {
			isa = PBXResourcesBuildPhase;
			buildActionMask = 2147483647;
			files = (
			);
			runOnlyForDeploymentPostprocessing = 0;
		};
/* End PBXResourcesBuildPhase section */

/* Begin PBXSourcesBuildPhase section */
		3BC646B1270B692E00075F3C /* Sources */ = {
			isa = PBXSourcesBuildPhase;
			buildActionMask = 2147483647;
			files = (
				3BC646BD270B692E00075F3C /* MainViewController.swift in Sources */,
				3BC646B9270B692E00075F3C /* AppDelegate.swift in Sources */,
				3BC646F2270B8C2C00075F3C /* PLanguagesTableViewCell.swift in Sources */,
				3BC646F4270B8C7700075F3C /* LanguageModel.swift in Sources */,
				3BC646F6270BB2E100075F3C /* PhotoFullScreenViewController.swift in Sources */,
				3BC646BB270B692E00075F3C /* SceneDelegate.swift in Sources */,
			);
			runOnlyForDeploymentPostprocessing = 0;
		};
		3BC646C7270B693200075F3C /* Sources */ = {
			isa = PBXSourcesBuildPhase;
			buildActionMask = 2147483647;
			files = (
				3BC646D0270B693200075F3C /* Task_10Tests.swift in Sources */,
			);
			runOnlyForDeploymentPostprocessing = 0;
		};
		3BC646D1270B693200075F3C /* Sources */ = {
			isa = PBXSourcesBuildPhase;
			buildActionMask = 2147483647;
			files = (
				3BC646DC270B693200075F3C /* Task_10UITestsLaunchTests.swift in Sources */,
				3BC646DA270B693200075F3C /* Task_10UITests.swift in Sources */,
			);
			runOnlyForDeploymentPostprocessing = 0;
		};
/* End PBXSourcesBuildPhase section */

/* Begin PBXTargetDependency section */
		3BC646CD270B693200075F3C /* PBXTargetDependency */ = {
			isa = PBXTargetDependency;
			target = 3BC646B4270B692E00075F3C /* Task_10 */;
			targetProxy = 3BC646CC270B693200075F3C /* PBXContainerItemProxy */;
		};
		3BC646D7270B693200075F3C /* PBXTargetDependency */ = {
			isa = PBXTargetDependency;
			target = 3BC646B4270B692E00075F3C /* Task_10 */;
			targetProxy = 3BC646D6270B693200075F3C /* PBXContainerItemProxy */;
		};
/* End PBXTargetDependency section */

/* Begin PBXVariantGroup section */
		3BC646BE270B692F00075F3C /* Main.storyboard */ = {
			isa = PBXVariantGroup;
			children = (
				3BC646BF270B692F00075F3C /* Base */,
			);
			name = Main.storyboard;
			sourceTree = "<group>";
		};
		3BC646C3270B693200075F3C /* LaunchScreen.storyboard */ = {
			isa = PBXVariantGroup;
			children = (
				3BC646C4270B693200075F3C /* Base */,
			);
			name = LaunchScreen.storyboard;
			sourceTree = "<group>";
		};
/* End PBXVariantGroup section */

/* Begin XCBuildConfiguration section */
		3BC646DD270B693200075F3C /* Debug */ = {
			isa = XCBuildConfiguration;
			buildSettings = {
				ALWAYS_SEARCH_USER_PATHS = NO;
				CLANG_ANALYZER_NONNULL = YES;
				CLANG_ANALYZER_NUMBER_OBJECT_CONVERSION = YES_AGGRESSIVE;
				CLANG_CXX_LANGUAGE_STANDARD = "gnu++17";
				CLANG_CXX_LIBRARY = "libc++";
				CLANG_ENABLE_MODULES = YES;
				CLANG_ENABLE_OBJC_ARC = YES;
				CLANG_ENABLE_OBJC_WEAK = YES;
				CLANG_WARN_BLOCK_CAPTURE_AUTORELEASING = YES;
				CLANG_WARN_BOOL_CONVERSION = YES;
				CLANG_WARN_COMMA = YES;
				CLANG_WARN_CONSTANT_CONVERSION = YES;
				CLANG_WARN_DEPRECATED_OBJC_IMPLEMENTATIONS = YES;
				CLANG_WARN_DIRECT_OBJC_ISA_USAGE = YES_ERROR;
				CLANG_WARN_DOCUMENTATION_COMMENTS = YES;
				CLANG_WARN_EMPTY_BODY = YES;
				CLANG_WARN_ENUM_CONVERSION = YES;
				CLANG_WARN_INFINITE_RECURSION = YES;
				CLANG_WARN_INT_CONVERSION = YES;
				CLANG_WARN_NON_LITERAL_NULL_CONVERSION = YES;
				CLANG_WARN_OBJC_IMPLICIT_RETAIN_SELF = YES;
				CLANG_WARN_OBJC_LITERAL_CONVERSION = YES;
				CLANG_WARN_OBJC_ROOT_CLASS = YES_ERROR;
				CLANG_WARN_QUOTED_INCLUDE_IN_FRAMEWORK_HEADER = YES;
				CLANG_WARN_RANGE_LOOP_ANALYSIS = YES;
				CLANG_WARN_STRICT_PROTOTYPES = YES;
				CLANG_WARN_SUSPICIOUS_MOVE = YES;
				CLANG_WARN_UNGUARDED_AVAILABILITY = YES_AGGRESSIVE;
				CLANG_WARN_UNREACHABLE_CODE = YES;
				CLANG_WARN__DUPLICATE_METHOD_MATCH = YES;
				COPY_PHASE_STRIP = NO;
				DEBUG_INFORMATION_FORMAT = dwarf;
				ENABLE_STRICT_OBJC_MSGSEND = YES;
				ENABLE_TESTABILITY = YES;
				GCC_C_LANGUAGE_STANDARD = gnu11;
				GCC_DYNAMIC_NO_PIC = NO;
				GCC_NO_COMMON_BLOCKS = YES;
				GCC_OPTIMIZATION_LEVEL = 0;
				GCC_PREPROCESSOR_DEFINITIONS = (
					"DEBUG=1",
					"$(inherited)",
				);
				GCC_WARN_64_TO_32_BIT_CONVERSION = YES;
				GCC_WARN_ABOUT_RETURN_TYPE = YES_ERROR;
				GCC_WARN_UNDECLARED_SELECTOR = YES;
				GCC_WARN_UNINITIALIZED_AUTOS = YES_AGGRESSIVE;
				GCC_WARN_UNUSED_FUNCTION = YES;
				GCC_WARN_UNUSED_VARIABLE = YES;
				IPHONEOS_DEPLOYMENT_TARGET = 15.0;
				MTL_ENABLE_DEBUG_INFO = INCLUDE_SOURCE;
				MTL_FAST_MATH = YES;
				ONLY_ACTIVE_ARCH = YES;
				SDKROOT = iphoneos;
				SWIFT_ACTIVE_COMPILATION_CONDITIONS = DEBUG;
				SWIFT_OPTIMIZATION_LEVEL = "-Onone";
			};
			name = Debug;
		};
		3BC646DE270B693200075F3C /* Release */ = {
			isa = XCBuildConfiguration;
			buildSettings = {
				ALWAYS_SEARCH_USER_PATHS = NO;
				CLANG_ANALYZER_NONNULL = YES;
				CLANG_ANALYZER_NUMBER_OBJECT_CONVERSION = YES_AGGRESSIVE;
				CLANG_CXX_LANGUAGE_STANDARD = "gnu++17";
				CLANG_CXX_LIBRARY = "libc++";
				CLANG_ENABLE_MODULES = YES;
				CLANG_ENABLE_OBJC_ARC = YES;
				CLANG_ENABLE_OBJC_WEAK = YES;
				CLANG_WARN_BLOCK_CAPTURE_AUTORELEASING = YES;
				CLANG_WARN_BOOL_CONVERSION = YES;
				CLANG_WARN_COMMA = YES;
				CLANG_WARN_CONSTANT_CONVERSION = YES;
				CLANG_WARN_DEPRECATED_OBJC_IMPLEMENTATIONS = YES;
				CLANG_WARN_DIRECT_OBJC_ISA_USAGE = YES_ERROR;
				CLANG_WARN_DOCUMENTATION_COMMENTS = YES;
				CLANG_WARN_EMPTY_BODY = YES;
				CLANG_WARN_ENUM_CONVERSION = YES;
				CLANG_WARN_INFINITE_RECURSION = YES;
				CLANG_WARN_INT_CONVERSION = YES;
				CLANG_WARN_NON_LITERAL_NULL_CONVERSION = YES;
				CLANG_WARN_OBJC_IMPLICIT_RETAIN_SELF = YES;
				CLANG_WARN_OBJC_LITERAL_CONVERSION = YES;
				CLANG_WARN_OBJC_ROOT_CLASS = YES_ERROR;
				CLANG_WARN_QUOTED_INCLUDE_IN_FRAMEWORK_HEADER = YES;
				CLANG_WARN_RANGE_LOOP_ANALYSIS = YES;
				CLANG_WARN_STRICT_PROTOTYPES = YES;
				CLANG_WARN_SUSPICIOUS_MOVE = YES;
				CLANG_WARN_UNGUARDED_AVAILABILITY = YES_AGGRESSIVE;
				CLANG_WARN_UNREACHABLE_CODE = YES;
				CLANG_WARN__DUPLICATE_METHOD_MATCH = YES;
				COPY_PHASE_STRIP = NO;
				DEBUG_INFORMATION_FORMAT = "dwarf-with-dsym";
				ENABLE_NS_ASSERTIONS = NO;
				ENABLE_STRICT_OBJC_MSGSEND = YES;
				GCC_C_LANGUAGE_STANDARD = gnu11;
				GCC_NO_COMMON_BLOCKS = YES;
				GCC_WARN_64_TO_32_BIT_CONVERSION = YES;
				GCC_WARN_ABOUT_RETURN_TYPE = YES_ERROR;
				GCC_WARN_UNDECLARED_SELECTOR = YES;
				GCC_WARN_UNINITIALIZED_AUTOS = YES_AGGRESSIVE;
				GCC_WARN_UNUSED_FUNCTION = YES;
				GCC_WARN_UNUSED_VARIABLE = YES;
				IPHONEOS_DEPLOYMENT_TARGET = 15.0;
				MTL_ENABLE_DEBUG_INFO = NO;
				MTL_FAST_MATH = YES;
				SDKROOT = iphoneos;
				SWIFT_COMPILATION_MODE = wholemodule;
				SWIFT_OPTIMIZATION_LEVEL = "-O";
				VALIDATE_PRODUCT = YES;
			};
			name = Release;
		};
		3BC646E0270B693200075F3C /* Debug */ = {
			isa = XCBuildConfiguration;
			buildSettings = {
				ASSETCATALOG_COMPILER_APPICON_NAME = AppIcon;
				ASSETCATALOG_COMPILER_GLOBAL_ACCENT_COLOR_NAME = AccentColor;
				CODE_SIGN_STYLE = Automatic;
				CURRENT_PROJECT_VERSION = 1;
				GENERATE_INFOPLIST_FILE = YES;
				INFOPLIST_FILE = Task_10/Info.plist;
				INFOPLIST_KEY_UIApplicationSupportsIndirectInputEvents = YES;
				INFOPLIST_KEY_UILaunchStoryboardName = LaunchScreen;
				INFOPLIST_KEY_UIMainStoryboardFile = Main;
				INFOPLIST_KEY_UISupportedInterfaceOrientations_iPad = "UIInterfaceOrientationPortrait UIInterfaceOrientationPortraitUpsideDown UIInterfaceOrientationLandscapeLeft UIInterfaceOrientationLandscapeRight";
				INFOPLIST_KEY_UISupportedInterfaceOrientations_iPhone = "UIInterfaceOrientationPortrait UIInterfaceOrientationLandscapeLeft UIInterfaceOrientationLandscapeRight";
				LD_RUNPATH_SEARCH_PATHS = (
					"$(inherited)",
					"@executable_path/Frameworks",
				);
				MARKETING_VERSION = 1.0;
				PRODUCT_BUNDLE_IDENTIFIER = "ika.ikakooo.pro.Task-10";
				PRODUCT_NAME = "$(TARGET_NAME)";
				SWIFT_EMIT_LOC_STRINGS = YES;
				SWIFT_VERSION = 5.0;
				TARGETED_DEVICE_FAMILY = "1,2";
			};
			name = Debug;
		};
		3BC646E1270B693200075F3C /* Release */ = {
			isa = XCBuildConfiguration;
			buildSettings = {
				ASSETCATALOG_COMPILER_APPICON_NAME = AppIcon;
				ASSETCATALOG_COMPILER_GLOBAL_ACCENT_COLOR_NAME = AccentColor;
				CODE_SIGN_STYLE = Automatic;
				CURRENT_PROJECT_VERSION = 1;
				GENERATE_INFOPLIST_FILE = YES;
				INFOPLIST_FILE = Task_10/Info.plist;
				INFOPLIST_KEY_UIApplicationSupportsIndirectInputEvents = YES;
				INFOPLIST_KEY_UILaunchStoryboardName = LaunchScreen;
				INFOPLIST_KEY_UIMainStoryboardFile = Main;
				INFOPLIST_KEY_UISupportedInterfaceOrientations_iPad = "UIInterfaceOrientationPortrait UIInterfaceOrientationPortraitUpsideDown UIInterfaceOrientationLandscapeLeft UIInterfaceOrientationLandscapeRight";
				INFOPLIST_KEY_UISupportedInterfaceOrientations_iPhone = "UIInterfaceOrientationPortrait UIInterfaceOrientationLandscapeLeft UIInterfaceOrientationLandscapeRight";
				LD_RUNPATH_SEARCH_PATHS = (
					"$(inherited)",
					"@executable_path/Frameworks",
				);
				MARKETING_VERSION = 1.0;
				PRODUCT_BUNDLE_IDENTIFIER = "ika.ikakooo.pro.Task-10";
				PRODUCT_NAME = "$(TARGET_NAME)";
				SWIFT_EMIT_LOC_STRINGS = YES;
				SWIFT_VERSION = 5.0;
				TARGETED_DEVICE_FAMILY = "1,2";
			};
			name = Release;
		};
		3BC646E3270B693200075F3C /* Debug */ = {
			isa = XCBuildConfiguration;
			buildSettings = {
				ALWAYS_EMBED_SWIFT_STANDARD_LIBRARIES = YES;
				BUNDLE_LOADER = "$(TEST_HOST)";
				CODE_SIGN_STYLE = Automatic;
				CURRENT_PROJECT_VERSION = 1;
				GENERATE_INFOPLIST_FILE = YES;
				IPHONEOS_DEPLOYMENT_TARGET = 15.0;
				LD_RUNPATH_SEARCH_PATHS = (
					"$(inherited)",
					"@executable_path/Frameworks",
					"@loader_path/Frameworks",
				);
				MARKETING_VERSION = 1.0;
				PRODUCT_BUNDLE_IDENTIFIER = "ika.ikakooo.pro.Task-10Tests";
				PRODUCT_NAME = "$(TARGET_NAME)";
				SWIFT_EMIT_LOC_STRINGS = NO;
				SWIFT_VERSION = 5.0;
				TARGETED_DEVICE_FAMILY = "1,2";
				TEST_HOST = "$(BUILT_PRODUCTS_DIR)/Task_10.app/Task_10";
			};
			name = Debug;
		};
		3BC646E4270B693200075F3C /* Release */ = {
			isa = XCBuildConfiguration;
			buildSettings = {
				ALWAYS_EMBED_SWIFT_STANDARD_LIBRARIES = YES;
				BUNDLE_LOADER = "$(TEST_HOST)";
				CODE_SIGN_STYLE = Automatic;
				CURRENT_PROJECT_VERSION = 1;
				GENERATE_INFOPLIST_FILE = YES;
				IPHONEOS_DEPLOYMENT_TARGET = 15.0;
				LD_RUNPATH_SEARCH_PATHS = (
					"$(inherited)",
					"@executable_path/Frameworks",
					"@loader_path/Frameworks",
				);
				MARKETING_VERSION = 1.0;
				PRODUCT_BUNDLE_IDENTIFIER = "ika.ikakooo.pro.Task-10Tests";
				PRODUCT_NAME = "$(TARGET_NAME)";
				SWIFT_EMIT_LOC_STRINGS = NO;
				SWIFT_VERSION = 5.0;
				TARGETED_DEVICE_FAMILY = "1,2";
				TEST_HOST = "$(BUILT_PRODUCTS_DIR)/Task_10.app/Task_10";
			};
			name = Release;
		};
		3BC646E6270B693200075F3C /* Debug */ = {
			isa = XCBuildConfiguration;
			buildSettings = {
				ALWAYS_EMBED_SWIFT_STANDARD_LIBRARIES = YES;
				CODE_SIGN_STYLE = Automatic;
				CURRENT_PROJECT_VERSION = 1;
				GENERATE_INFOPLIST_FILE = YES;
				LD_RUNPATH_SEARCH_PATHS = (
					"$(inherited)",
					"@executable_path/Frameworks",
					"@loader_path/Frameworks",
				);
				MARKETING_VERSION = 1.0;
				PRODUCT_BUNDLE_IDENTIFIER = "ika.ikakooo.pro.Task-10UITests";
				PRODUCT_NAME = "$(TARGET_NAME)";
				SWIFT_EMIT_LOC_STRINGS = NO;
				SWIFT_VERSION = 5.0;
				TARGETED_DEVICE_FAMILY = "1,2";
				TEST_TARGET_NAME = Task_10;
			};
			name = Debug;
		};
		3BC646E7270B693200075F3C /* Release */ = {
			isa = XCBuildConfiguration;
			buildSettings = {
				ALWAYS_EMBED_SWIFT_STANDARD_LIBRARIES = YES;
				CODE_SIGN_STYLE = Automatic;
				CURRENT_PROJECT_VERSION = 1;
				GENERATE_INFOPLIST_FILE = YES;
				LD_RUNPATH_SEARCH_PATHS = (
					"$(inherited)",
					"@executable_path/Frameworks",
					"@loader_path/Frameworks",
				);
				MARKETING_VERSION = 1.0;
				PRODUCT_BUNDLE_IDENTIFIER = "ika.ikakooo.pro.Task-10UITests";
				PRODUCT_NAME = "$(TARGET_NAME)";
				SWIFT_EMIT_LOC_STRINGS = NO;
				SWIFT_VERSION = 5.0;
				TARGETED_DEVICE_FAMILY = "1,2";
				TEST_TARGET_NAME = Task_10;
			};
			name = Release;
		};
/* End XCBuildConfiguration section */

/* Begin XCConfigurationList section */
		3BC646B0270B692E00075F3C /* Build configuration list for PBXProject "Task_10" */ = {
			isa = XCConfigurationList;
			buildConfigurations = (
				3BC646DD270B693200075F3C /* Debug */,
				3BC646DE270B693200075F3C /* Release */,
			);
			defaultConfigurationIsVisible = 0;
			defaultConfigurationName = Release;
		};
		3BC646DF270B693200075F3C /* Build configuration list for PBXNativeTarget "Task_10" */ = {
			isa = XCConfigurationList;
			buildConfigurations = (
				3BC646E0270B693200075F3C /* Debug */,
				3BC646E1270B693200075F3C /* Release */,
			);
			defaultConfigurationIsVisible = 0;
			defaultConfigurationName = Release;
		};
		3BC646E2270B693200075F3C /* Build configuration list for PBXNativeTarget "Task_10Tests" */ = {
			isa = XCConfigurationList;
			buildConfigurations = (
				3BC646E3270B693200075F3C /* Debug */,
				3BC646E4270B693200075F3C /* Release */,
			);
			defaultConfigurationIsVisible = 0;
			defaultConfigurationName = Release;
		};
		3BC646E5270B693200075F3C /* Build configuration list for PBXNativeTarget "Task_10UITests" */ = {
			isa = XCConfigurationList;
			buildConfigurations = (
				3BC646E6270B693200075F3C /* Debug */,
				3BC646E7270B693200075F3C /* Release */,
			);
			defaultConfigurationIsVisible = 0;
			defaultConfigurationName = Release;
		};
/* End XCConfigurationList section */
	};
	rootObject = 3BC646AD270B692E00075F3C /* Project object */;
}
