// !$*UTF8*$!
{
	archiveVersion = 1;
	classes = {
	};
	objectVersion = 55;
	objects = {

/* Begin PBXBuildFile section */
		3B02EF0327050AEA00E29153 /* AppDelegate.swift in Sources */ = {isa = PBXBuildFile; fileRef = 3B02EF0227050AEA00E29153 /* AppDelegate.swift */; };
		3B02EF0527050AEA00E29153 /* SceneDelegate.swift in Sources */ = {isa = PBXBuildFile; fileRef = 3B02EF0427050AEA00E29153 /* SceneDelegate.swift */; };
		3B02EF0727050AEA00E29153 /* MainViewController.swift in Sources */ = {isa = PBXBuildFile; fileRef = 3B02EF0627050AEA00E29153 /* MainViewController.swift */; };
		3B02EF0A27050AEA00E29153 /* Main.storyboard in Resources */ = {isa = PBXBuildFile; fileRef = 3B02EF0827050AEA00E29153 /* Main.storyboard */; };
		3B02EF0C27050AED00E29153 /* Assets.xcassets in Resources */ = {isa = PBXBuildFile; fileRef = 3B02EF0B27050AED00E29153 /* Assets.xcassets */; };
		3B02EF0F27050AED00E29153 /* LaunchScreen.storyboard in Resources */ = {isa = PBXBuildFile; fileRef = 3B02EF0D27050AED00E29153 /* LaunchScreen.storyboard */; };
		3B02EF1A27050AED00E29153 /* Task_8Tests.swift in Sources */ = {isa = PBXBuildFile; fileRef = 3B02EF1927050AED00E29153 /* Task_8Tests.swift */; };
		3B02EF2427050AED00E29153 /* Task_8UITests.swift in Sources */ = {isa = PBXBuildFile; fileRef = 3B02EF2327050AED00E29153 /* Task_8UITests.swift */; };
		3B02EF2627050AED00E29153 /* Task_8UITestsLaunchTests.swift in Sources */ = {isa = PBXBuildFile; fileRef = 3B02EF2527050AED00E29153 /* Task_8UITestsLaunchTests.swift */; };
		3BD052FA270674E600BE8E4D /* HistoryViewController.swift in Sources */ = {isa = PBXBuildFile; fileRef = 3BD052F9270674E600BE8E4D /* HistoryViewController.swift */; };
/* End PBXBuildFile section */

/* Begin PBXContainerItemProxy section */
		3B02EF1627050AED00E29153 /* PBXContainerItemProxy */ = {
			isa = PBXContainerItemProxy;
			containerPortal = 3B02EEF727050AEA00E29153 /* Project object */;
			proxyType = 1;
			remoteGlobalIDString = 3B02EEFE27050AEA00E29153;
			remoteInfo = Task_8;
		};
		3B02EF2027050AED00E29153 /* PBXContainerItemProxy */ = {
			isa = PBXContainerItemProxy;
			containerPortal = 3B02EEF727050AEA00E29153 /* Project object */;
			proxyType = 1;
			remoteGlobalIDString = 3B02EEFE27050AEA00E29153;
			remoteInfo = Task_8;
		};
/* End PBXContainerItemProxy section */

/* Begin PBXFileReference section */
		3B02EEFF27050AEA00E29153 /* Task_8.app */ = {isa = PBXFileReference; explicitFileType = wrapper.application; includeInIndex = 0; path = Task_8.app; sourceTree = BUILT_PRODUCTS_DIR; };
		3B02EF0227050AEA00E29153 /* AppDelegate.swift */ = {isa = PBXFileReference; lastKnownFileType = sourcecode.swift; path = AppDelegate.swift; sourceTree = "<group>"; };
		3B02EF0427050AEA00E29153 /* SceneDelegate.swift */ = {isa = PBXFileReference; lastKnownFileType = sourcecode.swift; path = SceneDelegate.swift; sourceTree = "<group>"; };
		3B02EF0627050AEA00E29153 /* MainViewController.swift */ = {isa = PBXFileReference; lastKnownFileType = sourcecode.swift; path = MainViewController.swift; sourceTree = "<group>"; };
		3B02EF0927050AEA00E29153 /* Base */ = {isa = PBXFileReference; lastKnownFileType = file.storyboard; name = Base; path = Base.lproj/Main.storyboard; sourceTree = "<group>"; };
		3B02EF0B27050AED00E29153 /* Assets.xcassets */ = {isa = PBXFileReference; lastKnownFileType = folder.assetcatalog; path = Assets.xcassets; sourceTree = "<group>"; };
		3B02EF0E27050AED00E29153 /* Base */ = {isa = PBXFileReference; lastKnownFileType = file.storyboard; name = Base; path = Base.lproj/LaunchScreen.storyboard; sourceTree = "<group>"; };
		3B02EF1027050AED00E29153 /* Info.plist */ = {isa = PBXFileReference; lastKnownFileType = text.plist.xml; path = Info.plist; sourceTree = "<group>"; };
		3B02EF1527050AED00E29153 /* Task_8Tests.xctest */ = {isa = PBXFileReference; explicitFileType = wrapper.cfbundle; includeInIndex = 0; path = Task_8Tests.xctest; sourceTree = BUILT_PRODUCTS_DIR; };
		3B02EF1927050AED00E29153 /* Task_8Tests.swift */ = {isa = PBXFileReference; lastKnownFileType = sourcecode.swift; path = Task_8Tests.swift; sourceTree = "<group>"; };
		3B02EF1F27050AED00E29153 /* Task_8UITests.xctest */ = {isa = PBXFileReference; explicitFileType = wrapper.cfbundle; includeInIndex = 0; path = Task_8UITests.xctest; sourceTree = BUILT_PRODUCTS_DIR; };
		3B02EF2327050AED00E29153 /* Task_8UITests.swift */ = {isa = PBXFileReference; lastKnownFileType = sourcecode.swift; path = Task_8UITests.swift; sourceTree = "<group>"; };
		3B02EF2527050AED00E29153 /* Task_8UITestsLaunchTests.swift */ = {isa = PBXFileReference; lastKnownFileType = sourcecode.swift; path = Task_8UITestsLaunchTests.swift; sourceTree = "<group>"; };
		3BD052F9270674E600BE8E4D /* HistoryViewController.swift */ = {isa = PBXFileReference; lastKnownFileType = sourcecode.swift; path = HistoryViewController.swift; sourceTree = "<group>"; };
/* End PBXFileReference section */

/* Begin PBXFrameworksBuildPhase section */
		3B02EEFC27050AEA00E29153 /* Frameworks */ = {
			isa = PBXFrameworksBuildPhase;
			buildActionMask = 2147483647;
			files = (
			);
			runOnlyForDeploymentPostprocessing = 0;
		};
		3B02EF1227050AED00E29153 /* Frameworks */ = {
			isa = PBXFrameworksBuildPhase;
			buildActionMask = 2147483647;
			files = (
			);
			runOnlyForDeploymentPostprocessing = 0;
		};
		3B02EF1C27050AED00E29153 /* Frameworks */ = {
			isa = PBXFrameworksBuildPhase;
			buildActionMask = 2147483647;
			files = (
			);
			runOnlyForDeploymentPostprocessing = 0;
		};
/* End PBXFrameworksBuildPhase section */

/* Begin PBXGroup section */
		3B02EEF627050AEA00E29153 = {
			isa = PBXGroup;
			children = (
				3B02EF0127050AEA00E29153 /* Task_8 */,
				3B02EF1827050AED00E29153 /* Task_8Tests */,
				3B02EF2227050AED00E29153 /* Task_8UITests */,
				3B02EF0027050AEA00E29153 /* Products */,
			);
			sourceTree = "<group>";
		};
		3B02EF0027050AEA00E29153 /* Products */ = {
			isa = PBXGroup;
			children = (
				3B02EEFF27050AEA00E29153 /* Task_8.app */,
				3B02EF1527050AED00E29153 /* Task_8Tests.xctest */,
				3B02EF1F27050AED00E29153 /* Task_8UITests.xctest */,
			);
			name = Products;
			sourceTree = "<group>";
		};
		3B02EF0127050AEA00E29153 /* Task_8 */ = {
			isa = PBXGroup;
			children = (
				3B02EF0227050AEA00E29153 /* AppDelegate.swift */,
				3B02EF0427050AEA00E29153 /* SceneDelegate.swift */,
				3BD052F9270674E600BE8E4D /* HistoryViewController.swift */,
				3B02EF0627050AEA00E29153 /* MainViewController.swift */,
				3B02EF0827050AEA00E29153 /* Main.storyboard */,
				3B02EF0B27050AED00E29153 /* Assets.xcassets */,
				3B02EF0D27050AED00E29153 /* LaunchScreen.storyboard */,
				3B02EF1027050AED00E29153 /* Info.plist */,
			);
			path = Task_8;
			sourceTree = "<group>";
		};
		3B02EF1827050AED00E29153 /* Task_8Tests */ = {
			isa = PBXGroup;
			children = (
				3B02EF1927050AED00E29153 /* Task_8Tests.swift */,
			);
			path = Task_8Tests;
			sourceTree = "<group>";
		};
		3B02EF2227050AED00E29153 /* Task_8UITests */ = {
			isa = PBXGroup;
			children = (
				3B02EF2327050AED00E29153 /* Task_8UITests.swift */,
				3B02EF2527050AED00E29153 /* Task_8UITestsLaunchTests.swift */,
			);
			path = Task_8UITests;
			sourceTree = "<group>";
		};
/* End PBXGroup section */

/* Begin PBXNativeTarget section */
		3B02EEFE27050AEA00E29153 /* Task_8 */ = {
			isa = PBXNativeTarget;
			buildConfigurationList = 3B02EF2927050AED00E29153 /* Build configuration list for PBXNativeTarget "Task_8" */;
			buildPhases = (
				3B02EEFB27050AEA00E29153 /* Sources */,
				3B02EEFC27050AEA00E29153 /* Frameworks */,
				3B02EEFD27050AEA00E29153 /* Resources */,
			);
			buildRules = (
			);
			dependencies = (
			);
			name = Task_8;
			productName = Task_8;
			productReference = 3B02EEFF27050AEA00E29153 /* Task_8.app */;
			productType = "com.apple.product-type.application";
		};
		3B02EF1427050AED00E29153 /* Task_8Tests */ = {
			isa = PBXNativeTarget;
			buildConfigurationList = 3B02EF2C27050AED00E29153 /* Build configuration list for PBXNativeTarget "Task_8Tests" */;
			buildPhases = (
				3B02EF1127050AED00E29153 /* Sources */,
				3B02EF1227050AED00E29153 /* Frameworks */,
				3B02EF1327050AED00E29153 /* Resources */,
			);
			buildRules = (
			);
			dependencies = (
				3B02EF1727050AED00E29153 /* PBXTargetDependency */,
			);
			name = Task_8Tests;
			productName = Task_8Tests;
			productReference = 3B02EF1527050AED00E29153 /* Task_8Tests.xctest */;
			productType = "com.apple.product-type.bundle.unit-test";
		};
		3B02EF1E27050AED00E29153 /* Task_8UITests */ = {
			isa = PBXNativeTarget;
			buildConfigurationList = 3B02EF2F27050AED00E29153 /* Build configuration list for PBXNativeTarget "Task_8UITests" */;
			buildPhases = (
				3B02EF1B27050AED00E29153 /* Sources */,
				3B02EF1C27050AED00E29153 /* Frameworks */,
				3B02EF1D27050AED00E29153 /* Resources */,
			);
			buildRules = (
			);
			dependencies = (
				3B02EF2127050AED00E29153 /* PBXTargetDependency */,
			);
			name = Task_8UITests;
			productName = Task_8UITests;
			productReference = 3B02EF1F27050AED00E29153 /* Task_8UITests.xctest */;
			productType = "com.apple.product-type.bundle.ui-testing";
		};
/* End PBXNativeTarget section */

/* Begin PBXProject section */
		3B02EEF727050AEA00E29153 /* Project object */ = {
			isa = PBXProject;
			attributes = {
				BuildIndependentTargetsInParallel = 1;
				LastSwiftUpdateCheck = 1300;
				LastUpgradeCheck = 1300;
				TargetAttributes = {
					3B02EEFE27050AEA00E29153 = {
						CreatedOnToolsVersion = 13.0;
					};
					3B02EF1427050AED00E29153 = {
						CreatedOnToolsVersion = 13.0;
						TestTargetID = 3B02EEFE27050AEA00E29153;
					};
					3B02EF1E27050AED00E29153 = {
						CreatedOnToolsVersion = 13.0;
						TestTargetID = 3B02EEFE27050AEA00E29153;
					};
				};
			};
			buildConfigurationList = 3B02EEFA27050AEA00E29153 /* Build configuration list for PBXProject "Task_8" */;
			compatibilityVersion = "Xcode 13.0";
			developmentRegion = en;
			hasScannedForEncodings = 0;
			knownRegions = (
				en,
				Base,
			);
			mainGroup = 3B02EEF627050AEA00E29153;
			productRefGroup = 3B02EF0027050AEA00E29153 /* Products */;
			projectDirPath = "";
			projectRoot = "";
			targets = (
				3B02EEFE27050AEA00E29153 /* Task_8 */,
				3B02EF1427050AED00E29153 /* Task_8Tests */,
				3B02EF1E27050AED00E29153 /* Task_8UITests */,
			);
		};
/* End PBXProject section */

/* Begin PBXResourcesBuildPhase section */
		3B02EEFD27050AEA00E29153 /* Resources */ = {
			isa = PBXResourcesBuildPhase;
			buildActionMask = 2147483647;
			files = (
				3B02EF0F27050AED00E29153 /* LaunchScreen.storyboard in Resources */,
				3B02EF0C27050AED00E29153 /* Assets.xcassets in Resources */,
				3B02EF0A27050AEA00E29153 /* Main.storyboard in Resources */,
			);
			runOnlyForDeploymentPostprocessing = 0;
		};
		3B02EF1327050AED00E29153 /* Resources */ = {
			isa = PBXResourcesBuildPhase;
			buildActionMask = 2147483647;
			files = (
			);
			runOnlyForDeploymentPostprocessing = 0;
		};
		3B02EF1D27050AED00E29153 /* Resources */ = {
			isa = PBXResourcesBuildPhase;
			buildActionMask = 2147483647;
			files = (
			);
			runOnlyForDeploymentPostprocessing = 0;
		};
/* End PBXResourcesBuildPhase section */

/* Begin PBXSourcesBuildPhase section */
		3B02EEFB27050AEA00E29153 /* Sources */ = {
			isa = PBXSourcesBuildPhase;
			buildActionMask = 2147483647;
			files = (
				3B02EF0727050AEA00E29153 /* MainViewController.swift in Sources */,
				3B02EF0327050AEA00E29153 /* AppDelegate.swift in Sources */,
				3B02EF0527050AEA00E29153 /* SceneDelegate.swift in Sources */,
				3BD052FA270674E600BE8E4D /* HistoryViewController.swift in Sources */,
			);
			runOnlyForDeploymentPostprocessing = 0;
		};
		3B02EF1127050AED00E29153 /* Sources */ = {
			isa = PBXSourcesBuildPhase;
			buildActionMask = 2147483647;
			files = (
				3B02EF1A27050AED00E29153 /* Task_8Tests.swift in Sources */,
			);
			runOnlyForDeploymentPostprocessing = 0;
		};
		3B02EF1B27050AED00E29153 /* Sources */ = {
			isa = PBXSourcesBuildPhase;
			buildActionMask = 2147483647;
			files = (
				3B02EF2627050AED00E29153 /* Task_8UITestsLaunchTests.swift in Sources */,
				3B02EF2427050AED00E29153 /* Task_8UITests.swift in Sources */,
			);
			runOnlyForDeploymentPostprocessing = 0;
		};
/* End PBXSourcesBuildPhase section */

/* Begin PBXTargetDependency section */
		3B02EF1727050AED00E29153 /* PBXTargetDependency */ = {
			isa = PBXTargetDependency;
			target = 3B02EEFE27050AEA00E29153 /* Task_8 */;
			targetProxy = 3B02EF1627050AED00E29153 /* PBXContainerItemProxy */;
		};
		3B02EF2127050AED00E29153 /* PBXTargetDependency */ = {
			isa = PBXTargetDependency;
			target = 3B02EEFE27050AEA00E29153 /* Task_8 */;
			targetProxy = 3B02EF2027050AED00E29153 /* PBXContainerItemProxy */;
		};
/* End PBXTargetDependency section */

/* Begin PBXVariantGroup section */
		3B02EF0827050AEA00E29153 /* Main.storyboard */ = {
			isa = PBXVariantGroup;
			children = (
				3B02EF0927050AEA00E29153 /* Base */,
			);
			name = Main.storyboard;
			sourceTree = "<group>";
		};
		3B02EF0D27050AED00E29153 /* LaunchScreen.storyboard */ = {
			isa = PBXVariantGroup;
			children = (
				3B02EF0E27050AED00E29153 /* Base */,
			);
			name = LaunchScreen.storyboard;
			sourceTree = "<group>";
		};
/* End PBXVariantGroup section */

/* Begin XCBuildConfiguration section */
		3B02EF2727050AED00E29153 /* Debug */ = {
			isa = XCBuildConfiguration;
			buildSettings = {
				ALWAYS_SEARCH_USER_PATHS = NO;
				CLANG_ANALYZER_NONNULL = YES;
				CLANG_ANALYZER_NUMBER_OBJECT_CONVERSION = YES_AGGRESSIVE;
				CLANG_CXX_LANGUAGE_STANDARD = "gnu++17";
				CLANG_CXX_LIBRARY = "libc++";
				CLANG_ENABLE_MODULES = YES;
				CLANG_ENABLE_OBJC_ARC = YES;
				CLANG_ENABLE_OBJC_WEAK = YES;
				CLANG_WARN_BLOCK_CAPTURE_AUTORELEASING = YES;
				CLANG_WARN_BOOL_CONVERSION = YES;
				CLANG_WARN_COMMA = YES;
				CLANG_WARN_CONSTANT_CONVERSION = YES;
				CLANG_WARN_DEPRECATED_OBJC_IMPLEMENTATIONS = YES;
				CLANG_WARN_DIRECT_OBJC_ISA_USAGE = YES_ERROR;
				CLANG_WARN_DOCUMENTATION_COMMENTS = YES;
				CLANG_WARN_EMPTY_BODY = YES;
				CLANG_WARN_ENUM_CONVERSION = YES;
				CLANG_WARN_INFINITE_RECURSION = YES;
				CLANG_WARN_INT_CONVERSION = YES;
				CLANG_WARN_NON_LITERAL_NULL_CONVERSION = YES;
				CLANG_WARN_OBJC_IMPLICIT_RETAIN_SELF = YES;
				CLANG_WARN_OBJC_LITERAL_CONVERSION = YES;
				CLANG_WARN_OBJC_ROOT_CLASS = YES_ERROR;
				CLANG_WARN_QUOTED_INCLUDE_IN_FRAMEWORK_HEADER = YES;
				CLANG_WARN_RANGE_LOOP_ANALYSIS = YES;
				CLANG_WARN_STRICT_PROTOTYPES = YES;
				CLANG_WARN_SUSPICIOUS_MOVE = YES;
				CLANG_WARN_UNGUARDED_AVAILABILITY = YES_AGGRESSIVE;
				CLANG_WARN_UNREACHABLE_CODE = YES;
				CLANG_WARN__DUPLICATE_METHOD_MATCH = YES;
				COPY_PHASE_STRIP = NO;
				DEBUG_INFORMATION_FORMAT = dwarf;
				ENABLE_STRICT_OBJC_MSGSEND = YES;
				ENABLE_TESTABILITY = YES;
				GCC_C_LANGUAGE_STANDARD = gnu11;
				GCC_DYNAMIC_NO_PIC = NO;
				GCC_NO_COMMON_BLOCKS = YES;
				GCC_OPTIMIZATION_LEVEL = 0;
				GCC_PREPROCESSOR_DEFINITIONS = (
					"DEBUG=1",
					"$(inherited)",
				);
				GCC_WARN_64_TO_32_BIT_CONVERSION = YES;
				GCC_WARN_ABOUT_RETURN_TYPE = YES_ERROR;
				GCC_WARN_UNDECLARED_SELECTOR = YES;
				GCC_WARN_UNINITIALIZED_AUTOS = YES_AGGRESSIVE;
				GCC_WARN_UNUSED_FUNCTION = YES;
				GCC_WARN_UNUSED_VARIABLE = YES;
				IPHONEOS_DEPLOYMENT_TARGET = 15.0;
				MTL_ENABLE_DEBUG_INFO = INCLUDE_SOURCE;
				MTL_FAST_MATH = YES;
				ONLY_ACTIVE_ARCH = YES;
				SDKROOT = iphoneos;
				SWIFT_ACTIVE_COMPILATION_CONDITIONS = DEBUG;
				SWIFT_OPTIMIZATION_LEVEL = "-Onone";
			};
			name = Debug;
		};
		3B02EF2827050AED00E29153 /* Release */ = {
			isa = XCBuildConfiguration;
			buildSettings = {
				ALWAYS_SEARCH_USER_PATHS = NO;
				CLANG_ANALYZER_NONNULL = YES;
				CLANG_ANALYZER_NUMBER_OBJECT_CONVERSION = YES_AGGRESSIVE;
				CLANG_CXX_LANGUAGE_STANDARD = "gnu++17";
				CLANG_CXX_LIBRARY = "libc++";
				CLANG_ENABLE_MODULES = YES;
				CLANG_ENABLE_OBJC_ARC = YES;
				CLANG_ENABLE_OBJC_WEAK = YES;
				CLANG_WARN_BLOCK_CAPTURE_AUTORELEASING = YES;
				CLANG_WARN_BOOL_CONVERSION = YES;
				CLANG_WARN_COMMA = YES;
				CLANG_WARN_CONSTANT_CONVERSION = YES;
				CLANG_WARN_DEPRECATED_OBJC_IMPLEMENTATIONS = YES;
				CLANG_WARN_DIRECT_OBJC_ISA_USAGE = YES_ERROR;
				CLANG_WARN_DOCUMENTATION_COMMENTS = YES;
				CLANG_WARN_EMPTY_BODY = YES;
				CLANG_WARN_ENUM_CONVERSION = YES;
				CLANG_WARN_INFINITE_RECURSION = YES;
				CLANG_WARN_INT_CONVERSION = YES;
				CLANG_WARN_NON_LITERAL_NULL_CONVERSION = YES;
				CLANG_WARN_OBJC_IMPLICIT_RETAIN_SELF = YES;
				CLANG_WARN_OBJC_LITERAL_CONVERSION = YES;
				CLANG_WARN_OBJC_ROOT_CLASS = YES_ERROR;
				CLANG_WARN_QUOTED_INCLUDE_IN_FRAMEWORK_HEADER = YES;
				CLANG_WARN_RANGE_LOOP_ANALYSIS = YES;
				CLANG_WARN_STRICT_PROTOTYPES = YES;
				CLANG_WARN_SUSPICIOUS_MOVE = YES;
				CLANG_WARN_UNGUARDED_AVAILABILITY = YES_AGGRESSIVE;
				CLANG_WARN_UNREACHABLE_CODE = YES;
				CLANG_WARN__DUPLICATE_METHOD_MATCH = YES;
				COPY_PHASE_STRIP = NO;
				DEBUG_INFORMATION_FORMAT = "dwarf-with-dsym";
				ENABLE_NS_ASSERTIONS = NO;
				ENABLE_STRICT_OBJC_MSGSEND = YES;
				GCC_C_LANGUAGE_STANDARD = gnu11;
				GCC_NO_COMMON_BLOCKS = YES;
				GCC_WARN_64_TO_32_BIT_CONVERSION = YES;
				GCC_WARN_ABOUT_RETURN_TYPE = YES_ERROR;
				GCC_WARN_UNDECLARED_SELECTOR = YES;
				GCC_WARN_UNINITIALIZED_AUTOS = YES_AGGRESSIVE;
				GCC_WARN_UNUSED_FUNCTION = YES;
				GCC_WARN_UNUSED_VARIABLE = YES;
				IPHONEOS_DEPLOYMENT_TARGET = 15.0;
				MTL_ENABLE_DEBUG_INFO = NO;
				MTL_FAST_MATH = YES;
				SDKROOT = iphoneos;
				SWIFT_COMPILATION_MODE = wholemodule;
				SWIFT_OPTIMIZATION_LEVEL = "-O";
				VALIDATE_PRODUCT = YES;
			};
			name = Release;
		};
		3B02EF2A27050AED00E29153 /* Debug */ = {
			isa = XCBuildConfiguration;
			buildSettings = {
				ASSETCATALOG_COMPILER_APPICON_NAME = AppIcon;
				ASSETCATALOG_COMPILER_GLOBAL_ACCENT_COLOR_NAME = AccentColor;
				CODE_SIGN_STYLE = Automatic;
				CURRENT_PROJECT_VERSION = 1;
				GENERATE_INFOPLIST_FILE = YES;
				INFOPLIST_FILE = Task_8/Info.plist;
				INFOPLIST_KEY_UIApplicationSupportsIndirectInputEvents = YES;
				INFOPLIST_KEY_UILaunchStoryboardName = LaunchScreen;
				INFOPLIST_KEY_UIMainStoryboardFile = Main;
				INFOPLIST_KEY_UISupportedInterfaceOrientations_iPad = "UIInterfaceOrientationPortrait UIInterfaceOrientationPortraitUpsideDown UIInterfaceOrientationLandscapeLeft UIInterfaceOrientationLandscapeRight";
				INFOPLIST_KEY_UISupportedInterfaceOrientations_iPhone = "UIInterfaceOrientationPortrait UIInterfaceOrientationLandscapeLeft UIInterfaceOrientationLandscapeRight";
				IPHONEOS_DEPLOYMENT_TARGET = 15.0;
				LD_RUNPATH_SEARCH_PATHS = (
					"$(inherited)",
					"@executable_path/Frameworks",
				);
				MARKETING_VERSION = 1.0;
				PRODUCT_BUNDLE_IDENTIFIER = "ika.ikakooo.pro.Task-8";
				PRODUCT_NAME = "$(TARGET_NAME)";
				SWIFT_EMIT_LOC_STRINGS = YES;
				SWIFT_VERSION = 5.0;
				TARGETED_DEVICE_FAMILY = "1,2";
			};
			name = Debug;
		};
		3B02EF2B27050AED00E29153 /* Release */ = {
			isa = XCBuildConfiguration;
			buildSettings = {
				ASSETCATALOG_COMPILER_APPICON_NAME = AppIcon;
				ASSETCATALOG_COMPILER_GLOBAL_ACCENT_COLOR_NAME = AccentColor;
				CODE_SIGN_STYLE = Automatic;
				CURRENT_PROJECT_VERSION = 1;
				GENERATE_INFOPLIST_FILE = YES;
				INFOPLIST_FILE = Task_8/Info.plist;
				INFOPLIST_KEY_UIApplicationSupportsIndirectInputEvents = YES;
				INFOPLIST_KEY_UILaunchStoryboardName = LaunchScreen;
				INFOPLIST_KEY_UIMainStoryboardFile = Main;
				INFOPLIST_KEY_UISupportedInterfaceOrientations_iPad = "UIInterfaceOrientationPortrait UIInterfaceOrientationPortraitUpsideDown UIInterfaceOrientationLandscapeLeft UIInterfaceOrientationLandscapeRight";
				INFOPLIST_KEY_UISupportedInterfaceOrientations_iPhone = "UIInterfaceOrientationPortrait UIInterfaceOrientationLandscapeLeft UIInterfaceOrientationLandscapeRight";
				IPHONEOS_DEPLOYMENT_TARGET = 15.0;
				LD_RUNPATH_SEARCH_PATHS = (
					"$(inherited)",
					"@executable_path/Frameworks",
				);
				MARKETING_VERSION = 1.0;
				PRODUCT_BUNDLE_IDENTIFIER = "ika.ikakooo.pro.Task-8";
				PRODUCT_NAME = "$(TARGET_NAME)";
				SWIFT_EMIT_LOC_STRINGS = YES;
				SWIFT_VERSION = 5.0;
				TARGETED_DEVICE_FAMILY = "1,2";
			};
			name = Release;
		};
		3B02EF2D27050AED00E29153 /* Debug */ = {
			isa = XCBuildConfiguration;
			buildSettings = {
				ALWAYS_EMBED_SWIFT_STANDARD_LIBRARIES = YES;
				BUNDLE_LOADER = "$(TEST_HOST)";
				CODE_SIGN_STYLE = Automatic;
				CURRENT_PROJECT_VERSION = 1;
				GENERATE_INFOPLIST_FILE = YES;
				IPHONEOS_DEPLOYMENT_TARGET = 15.0;
				LD_RUNPATH_SEARCH_PATHS = (
					"$(inherited)",
					"@executable_path/Frameworks",
					"@loader_path/Frameworks",
				);
				MARKETING_VERSION = 1.0;
				PRODUCT_BUNDLE_IDENTIFIER = "ika.ikakooo.pro.Task-8Tests";
				PRODUCT_NAME = "$(TARGET_NAME)";
				SWIFT_EMIT_LOC_STRINGS = NO;
				SWIFT_VERSION = 5.0;
				TARGETED_DEVICE_FAMILY = "1,2";
				TEST_HOST = "$(BUILT_PRODUCTS_DIR)/Task_8.app/Task_8";
			};
			name = Debug;
		};
		3B02EF2E27050AED00E29153 /* Release */ = {
			isa = XCBuildConfiguration;
			buildSettings = {
				ALWAYS_EMBED_SWIFT_STANDARD_LIBRARIES = YES;
				BUNDLE_LOADER = "$(TEST_HOST)";
				CODE_SIGN_STYLE = Automatic;
				CURRENT_PROJECT_VERSION = 1;
				GENERATE_INFOPLIST_FILE = YES;
				IPHONEOS_DEPLOYMENT_TARGET = 15.0;
				LD_RUNPATH_SEARCH_PATHS = (
					"$(inherited)",
					"@executable_path/Frameworks",
					"@loader_path/Frameworks",
				);
				MARKETING_VERSION = 1.0;
				PRODUCT_BUNDLE_IDENTIFIER = "ika.ikakooo.pro.Task-8Tests";
				PRODUCT_NAME = "$(TARGET_NAME)";
				SWIFT_EMIT_LOC_STRINGS = NO;
				SWIFT_VERSION = 5.0;
				TARGETED_DEVICE_FAMILY = "1,2";
				TEST_HOST = "$(BUILT_PRODUCTS_DIR)/Task_8.app/Task_8";
			};
			name = Release;
		};
		3B02EF3027050AED00E29153 /* Debug */ = {
			isa = XCBuildConfiguration;
			buildSettings = {
				ALWAYS_EMBED_SWIFT_STANDARD_LIBRARIES = YES;
				CODE_SIGN_STYLE = Automatic;
				CURRENT_PROJECT_VERSION = 1;
				GENERATE_INFOPLIST_FILE = YES;
				LD_RUNPATH_SEARCH_PATHS = (
					"$(inherited)",
					"@executable_path/Frameworks",
					"@loader_path/Frameworks",
				);
				MARKETING_VERSION = 1.0;
				PRODUCT_BUNDLE_IDENTIFIER = "ika.ikakooo.pro.Task-8UITests";
				PRODUCT_NAME = "$(TARGET_NAME)";
				SWIFT_EMIT_LOC_STRINGS = NO;
				SWIFT_VERSION = 5.0;
				TARGETED_DEVICE_FAMILY = "1,2";
				TEST_TARGET_NAME = Task_8;
			};
			name = Debug;
		};
		3B02EF3127050AED00E29153 /* Release */ = {
			isa = XCBuildConfiguration;
			buildSettings = {
				ALWAYS_EMBED_SWIFT_STANDARD_LIBRARIES = YES;
				CODE_SIGN_STYLE = Automatic;
				CURRENT_PROJECT_VERSION = 1;
				GENERATE_INFOPLIST_FILE = YES;
				LD_RUNPATH_SEARCH_PATHS = (
					"$(inherited)",
					"@executable_path/Frameworks",
					"@loader_path/Frameworks",
				);
				MARKETING_VERSION = 1.0;
				PRODUCT_BUNDLE_IDENTIFIER = "ika.ikakooo.pro.Task-8UITests";
				PRODUCT_NAME = "$(TARGET_NAME)";
				SWIFT_EMIT_LOC_STRINGS = NO;
				SWIFT_VERSION = 5.0;
				TARGETED_DEVICE_FAMILY = "1,2";
				TEST_TARGET_NAME = Task_8;
			};
			name = Release;
		};
/* End XCBuildConfiguration section */

/* Begin XCConfigurationList section */
		3B02EEFA27050AEA00E29153 /* Build configuration list for PBXProject "Task_8" */ = {
			isa = XCConfigurationList;
			buildConfigurations = (
				3B02EF2727050AED00E29153 /* Debug */,
				3B02EF2827050AED00E29153 /* Release */,
			);
			defaultConfigurationIsVisible = 0;
			defaultConfigurationName = Release;
		};
		3B02EF2927050AED00E29153 /* Build configuration list for PBXNativeTarget "Task_8" */ = {
			isa = XCConfigurationList;
			buildConfigurations = (
				3B02EF2A27050AED00E29153 /* Debug */,
				3B02EF2B27050AED00E29153 /* Release */,
			);
			defaultConfigurationIsVisible = 0;
			defaultConfigurationName = Release;
		};
		3B02EF2C27050AED00E29153 /* Build configuration list for PBXNativeTarget "Task_8Tests" */ = {
			isa = XCConfigurationList;
			buildConfigurations = (
				3B02EF2D27050AED00E29153 /* Debug */,
				3B02EF2E27050AED00E29153 /* Release */,
			);
			defaultConfigurationIsVisible = 0;
			defaultConfigurationName = Release;
		};
		3B02EF2F27050AED00E29153 /* Build configuration list for PBXNativeTarget "Task_8UITests" */ = {
			isa = XCConfigurationList;
			buildConfigurations = (
				3B02EF3027050AED00E29153 /* Debug */,
				3B02EF3127050AED00E29153 /* Release */,
			);
			defaultConfigurationIsVisible = 0;
			defaultConfigurationName = Release;
		};
/* End XCConfigurationList section */
	};
	rootObject = 3B02EEF727050AEA00E29153 /* Project object */;
}
